
Microsoft Visual Studio Solution File, Format Version 12.00
# Visual Studio Version 17
VisualStudioVersion = 17.10.35201.131
MinimumVisualStudioVersion = 10.0.40219.1
Project("{FAE04EC0-301F-11D3-BF4B-00C04F79EFBC}") = "ClientTool", "ClientTool.csproj", "{209ABA33-5A8B-49B7-BFCD-958BE72B105C}"
EndProject
Global
	GlobalSection(SolutionConfigurationPlatforms) = preSolution
		Debug|Any CPU = Debug|Any CPU
		Release|Any CPU = Release|Any CPU
	EndGlobalSection
	GlobalSection(ProjectConfigurationPlatforms) = postSolution
		{209ABA33-5A8B-49B7-BFCD-958BE72B105C}.Debug|Any CPU.ActiveCfg = Debug|Any CPU
		{209ABA33-5A8B-49B7-BFCD-958BE72B105C}.Debug|Any CPU.Build.0 = Debug|Any CPU
		{209ABA33-5A8B-49B7-BFCD-958BE72B105C}.Release|Any CPU.ActiveCfg = Release|Any CPU
		{209ABA33-5A8B-49B7-BFCD-958BE72B105C}.Release|Any CPU.Build.0 = Release|Any CPU
	EndGlobalSection
	GlobalSection(SolutionProperties) = preSolution
		HideSolutionNode = FALSE
	EndGlobalSection
	GlobalSection(ExtensibilityGlobals) = postSolution
		SolutionGuid = {9C125419-FFFE-402A-B450-90B00B8CAF66}
	EndGlobalSection
EndGlobal
